
Microsoft Visual Studio Solution File, Format Version 12.00
Project("{2150E333-8FDC-42A3-9474-1A3956D46DE8}") = "src", "src", "{A750FBB5-88EF-4B02-9AD9-567E4AEDA0E3}"
EndProject
Project("{2150E333-8FDC-42A3-9474-1A3956D46DE8}") = "Core", "Core", "{A7797065-530A-489B-8356-E213D2B2F840}"
EndProject
Project("{2150E333-8FDC-42A3-9474-1A3956D46DE8}") = "Projects", "Projects", "{B9594F76-53EE-4C28-A5EC-BE71852281D9}"
EndProject
Project("{2150E333-8FDC-42A3-9474-1A3956D46DE8}") = "OwlSchool", "OwlSchool", "{D4C432BF-5B53-460C-823C-D81EB7655DBF}"
EndProject
Project("{FAE04EC0-301F-11D3-BF4B-00C04F79EFBC}") = "Core.Application", "src\Core\Core.Application\Core.Application.csproj", "{65F33DAA-5B11-44C4-AB54-FBB5EA4F5B1F}"
EndProject
Project("{FAE04EC0-301F-11D3-BF4B-00C04F79EFBC}") = "Core.CrossCuttingConcerns", "src\Core\Core.CrossCuttingConcerns\Core.CrossCuttingConcerns.csproj", "{10C609DB-0EE6-4899-954E-05A47AC9CCCD}"
EndProject
Project("{FAE04EC0-301F-11D3-BF4B-00C04F79EFBC}") = "Core.ElasticSearch", "src\Core\Core.ElasticSearch\Core.ElasticSearch.csproj", "{9CC4F288-D326-4EFF-B931-1E36A789165D}"
EndProject
Project("{FAE04EC0-301F-11D3-BF4B-00C04F79EFBC}") = "Core.Mailing", "src\Core\Core.Mailing\Core.Mailing.csproj", "{C1DCC59F-9BD0-4B08-8415-5D81CB9733C7}"
EndProject
Project("{FAE04EC0-301F-11D3-BF4B-00C04F79EFBC}") = "Core.Persistence", "src\Core\Core.Persistence\Core.Persistence.csproj", "{B4F8FE7F-6648-47A5-86B0-86F2A144586F}"
EndProject
Project("{FAE04EC0-301F-11D3-BF4B-00C04F79EFBC}") = "Core.Security", "src\Core\Core.Security\Core.Security.csproj", "{42BD514A-A582-4F36-92ED-C89022F7F864}"
EndProject
Project("{FAE04EC0-301F-11D3-BF4B-00C04F79EFBC}") = "OwlSchool.Domain", "src\Projects\OwlSchool\OwlSchool.Domain\OwlSchool.Domain.csproj", "{D8926F0A-4754-43A2-8C43-AD2B0D34C39D}"
EndProject
Project("{FAE04EC0-301F-11D3-BF4B-00C04F79EFBC}") = "OwlSchool.Application", "src\Projects\OwlSchool\OwlSchool.Application\OwlSchool.Application.csproj", "{96283D40-98B1-4A0B-AE49-776FC03B386A}"
EndProject
Project("{FAE04EC0-301F-11D3-BF4B-00C04F79EFBC}") = "OwlSchool.Infrastructure", "src\Projects\OwlSchool\OwlSchool.Infrastructure\OwlSchool.Infrastructure.csproj", "{75F287CA-0804-4798-8E2C-14BC27D02792}"
EndProject
Project("{FAE04EC0-301F-11D3-BF4B-00C04F79EFBC}") = "OwlSchool.Persistence", "src\Projects\OwlSchool\OwlSchool.Persistence\OwlSchool.Persistence.csproj", "{F8635D70-533A-4404-9027-9A88176438D4}"
EndProject
Project("{FAE04EC0-301F-11D3-BF4B-00C04F79EFBC}") = "OwlSchool.WebAPI", "src\Projects\OwlSchool\OwlSchool.WebAPI\OwlSchool.WebAPI.csproj", "{E02699BF-0899-4134-A230-491FCA79D38B}"
EndProject
Global
	GlobalSection(SolutionConfigurationPlatforms) = preSolution
		Debug|Any CPU = Debug|Any CPU
		Release|Any CPU = Release|Any CPU
	EndGlobalSection
	GlobalSection(ProjectConfigurationPlatforms) = postSolution
		{65F33DAA-5B11-44C4-AB54-FBB5EA4F5B1F}.Debug|Any CPU.ActiveCfg = Debug|Any CPU
		{65F33DAA-5B11-44C4-AB54-FBB5EA4F5B1F}.Debug|Any CPU.Build.0 = Debug|Any CPU
		{65F33DAA-5B11-44C4-AB54-FBB5EA4F5B1F}.Release|Any CPU.ActiveCfg = Release|Any CPU
		{65F33DAA-5B11-44C4-AB54-FBB5EA4F5B1F}.Release|Any CPU.Build.0 = Release|Any CPU
		{10C609DB-0EE6-4899-954E-05A47AC9CCCD}.Debug|Any CPU.ActiveCfg = Debug|Any CPU
		{10C609DB-0EE6-4899-954E-05A47AC9CCCD}.Debug|Any CPU.Build.0 = Debug|Any CPU
		{10C609DB-0EE6-4899-954E-05A47AC9CCCD}.Release|Any CPU.ActiveCfg = Release|Any CPU
		{10C609DB-0EE6-4899-954E-05A47AC9CCCD}.Release|Any CPU.Build.0 = Release|Any CPU
		{9CC4F288-D326-4EFF-B931-1E36A789165D}.Debug|Any CPU.ActiveCfg = Debug|Any CPU
		{9CC4F288-D326-4EFF-B931-1E36A789165D}.Debug|Any CPU.Build.0 = Debug|Any CPU
		{9CC4F288-D326-4EFF-B931-1E36A789165D}.Release|Any CPU.ActiveCfg = Release|Any CPU
		{9CC4F288-D326-4EFF-B931-1E36A789165D}.Release|Any CPU.Build.0 = Release|Any CPU
		{C1DCC59F-9BD0-4B08-8415-5D81CB9733C7}.Debug|Any CPU.ActiveCfg = Debug|Any CPU
		{C1DCC59F-9BD0-4B08-8415-5D81CB9733C7}.Debug|Any CPU.Build.0 = Debug|Any CPU
		{C1DCC59F-9BD0-4B08-8415-5D81CB9733C7}.Release|Any CPU.ActiveCfg = Release|Any CPU
		{C1DCC59F-9BD0-4B08-8415-5D81CB9733C7}.Release|Any CPU.Build.0 = Release|Any CPU
		{B4F8FE7F-6648-47A5-86B0-86F2A144586F}.Debug|Any CPU.ActiveCfg = Debug|Any CPU
		{B4F8FE7F-6648-47A5-86B0-86F2A144586F}.Debug|Any CPU.Build.0 = Debug|Any CPU
		{B4F8FE7F-6648-47A5-86B0-86F2A144586F}.Release|Any CPU.ActiveCfg = Release|Any CPU
		{B4F8FE7F-6648-47A5-86B0-86F2A144586F}.Release|Any CPU.Build.0 = Release|Any CPU
		{42BD514A-A582-4F36-92ED-C89022F7F864}.Debug|Any CPU.ActiveCfg = Debug|Any CPU
		{42BD514A-A582-4F36-92ED-C89022F7F864}.Debug|Any CPU.Build.0 = Debug|Any CPU
		{42BD514A-A582-4F36-92ED-C89022F7F864}.Release|Any CPU.ActiveCfg = Release|Any CPU
		{42BD514A-A582-4F36-92ED-C89022F7F864}.Release|Any CPU.Build.0 = Release|Any CPU
		{D8926F0A-4754-43A2-8C43-AD2B0D34C39D}.Debug|Any CPU.ActiveCfg = Debug|Any CPU
		{D8926F0A-4754-43A2-8C43-AD2B0D34C39D}.Debug|Any CPU.Build.0 = Debug|Any CPU
		{D8926F0A-4754-43A2-8C43-AD2B0D34C39D}.Release|Any CPU.ActiveCfg = Release|Any CPU
		{D8926F0A-4754-43A2-8C43-AD2B0D34C39D}.Release|Any CPU.Build.0 = Release|Any CPU
		{96283D40-98B1-4A0B-AE49-776FC03B386A}.Debug|Any CPU.ActiveCfg = Debug|Any CPU
		{96283D40-98B1-4A0B-AE49-776FC03B386A}.Debug|Any CPU.Build.0 = Debug|Any CPU
		{96283D40-98B1-4A0B-AE49-776FC03B386A}.Release|Any CPU.ActiveCfg = Release|Any CPU
		{96283D40-98B1-4A0B-AE49-776FC03B386A}.Release|Any CPU.Build.0 = Release|Any CPU
		{75F287CA-0804-4798-8E2C-14BC27D02792}.Debug|Any CPU.ActiveCfg = Debug|Any CPU
		{75F287CA-0804-4798-8E2C-14BC27D02792}.Debug|Any CPU.Build.0 = Debug|Any CPU
		{75F287CA-0804-4798-8E2C-14BC27D02792}.Release|Any CPU.ActiveCfg = Release|Any CPU
		{75F287CA-0804-4798-8E2C-14BC27D02792}.Release|Any CPU.Build.0 = Release|Any CPU
		{F8635D70-533A-4404-9027-9A88176438D4}.Debug|Any CPU.ActiveCfg = Debug|Any CPU
		{F8635D70-533A-4404-9027-9A88176438D4}.Debug|Any CPU.Build.0 = Debug|Any CPU
		{F8635D70-533A-4404-9027-9A88176438D4}.Release|Any CPU.ActiveCfg = Release|Any CPU
		{F8635D70-533A-4404-9027-9A88176438D4}.Release|Any CPU.Build.0 = Release|Any CPU
		{E02699BF-0899-4134-A230-491FCA79D38B}.Debug|Any CPU.ActiveCfg = Debug|Any CPU
		{E02699BF-0899-4134-A230-491FCA79D38B}.Debug|Any CPU.Build.0 = Debug|Any CPU
		{E02699BF-0899-4134-A230-491FCA79D38B}.Release|Any CPU.ActiveCfg = Release|Any CPU
		{E02699BF-0899-4134-A230-491FCA79D38B}.Release|Any CPU.Build.0 = Release|Any CPU
	EndGlobalSection
	GlobalSection(NestedProjects) = preSolution
		{A7797065-530A-489B-8356-E213D2B2F840} = {A750FBB5-88EF-4B02-9AD9-567E4AEDA0E3}
		{B9594F76-53EE-4C28-A5EC-BE71852281D9} = {A750FBB5-88EF-4B02-9AD9-567E4AEDA0E3}
		{D4C432BF-5B53-460C-823C-D81EB7655DBF} = {B9594F76-53EE-4C28-A5EC-BE71852281D9}
		{65F33DAA-5B11-44C4-AB54-FBB5EA4F5B1F} = {A7797065-530A-489B-8356-E213D2B2F840}
		{10C609DB-0EE6-4899-954E-05A47AC9CCCD} = {A7797065-530A-489B-8356-E213D2B2F840}
		{9CC4F288-D326-4EFF-B931-1E36A789165D} = {A7797065-530A-489B-8356-E213D2B2F840}
		{C1DCC59F-9BD0-4B08-8415-5D81CB9733C7} = {A7797065-530A-489B-8356-E213D2B2F840}
		{B4F8FE7F-6648-47A5-86B0-86F2A144586F} = {A7797065-530A-489B-8356-E213D2B2F840}
		{42BD514A-A582-4F36-92ED-C89022F7F864} = {A7797065-530A-489B-8356-E213D2B2F840}
		{D8926F0A-4754-43A2-8C43-AD2B0D34C39D} = {D4C432BF-5B53-460C-823C-D81EB7655DBF}
		{96283D40-98B1-4A0B-AE49-776FC03B386A} = {D4C432BF-5B53-460C-823C-D81EB7655DBF}
		{75F287CA-0804-4798-8E2C-14BC27D02792} = {D4C432BF-5B53-460C-823C-D81EB7655DBF}
		{F8635D70-533A-4404-9027-9A88176438D4} = {D4C432BF-5B53-460C-823C-D81EB7655DBF}
		{E02699BF-0899-4134-A230-491FCA79D38B} = {D4C432BF-5B53-460C-823C-D81EB7655DBF}
	EndGlobalSection
EndGlobal
